
Microsoft Visual Studio Solution File, Format Version 12.00
# Visual Studio Version 16
VisualStudioVersion = 16.0.32126.315
MinimumVisualStudioVersion = 10.0.40219.1
Project("{9A19103F-16F7-4668-BE54-9A1E7A4F7556}") = "ClassLibrary", "ClassLibrary\ClassLibrary.csproj", "{03DA0AAE-8C15-4163-849A-8BC26F3A19D4}"
EndProject
Project("{9A19103F-16F7-4668-BE54-9A1E7A4F7556}") = "GUI", "GUI\GUI.csproj", "{3E7C652A-2FD4-437F-86AE-693B7FC8C057}"
EndProject
Project("{FAE04EC0-301F-11D3-BF4B-00C04F79EFBC}") = "UnitTests!", "UnitTests!\UnitTests!.csproj", "{5E82B66F-C1BD-40E7-ACA1-D8742949098D}"
EndProject
Global
	GlobalSection(SolutionConfigurationPlatforms) = preSolution
		Debug|Any CPU = Debug|Any CPU
		Release|Any CPU = Release|Any CPU
	EndGlobalSection
	GlobalSection(ProjectConfigurationPlatforms) = postSolution
		{03DA0AAE-8C15-4163-849A-8BC26F3A19D4}.Debug|Any CPU.ActiveCfg = Debug|Any CPU
		{03DA0AAE-8C15-4163-849A-8BC26F3A19D4}.Debug|Any CPU.Build.0 = Debug|Any CPU
		{03DA0AAE-8C15-4163-849A-8BC26F3A19D4}.Release|Any CPU.ActiveCfg = Release|Any CPU
		{03DA0AAE-8C15-4163-849A-8BC26F3A19D4}.Release|Any CPU.Build.0 = Release|Any CPU
		{3E7C652A-2FD4-437F-86AE-693B7FC8C057}.Debug|Any CPU.ActiveCfg = Debug|Any CPU
		{3E7C652A-2FD4-437F-86AE-693B7FC8C057}.Debug|Any CPU.Build.0 = Debug|Any CPU
		{3E7C652A-2FD4-437F-86AE-693B7FC8C057}.Release|Any CPU.ActiveCfg = Release|Any CPU
		{3E7C652A-2FD4-437F-86AE-693B7FC8C057}.Release|Any CPU.Build.0 = Release|Any CPU
		{5E82B66F-C1BD-40E7-ACA1-D8742949098D}.Debug|Any CPU.ActiveCfg = Debug|Any CPU
		{5E82B66F-C1BD-40E7-ACA1-D8742949098D}.Debug|Any CPU.Build.0 = Debug|Any CPU
		{5E82B66F-C1BD-40E7-ACA1-D8742949098D}.Release|Any CPU.ActiveCfg = Release|Any CPU
		{5E82B66F-C1BD-40E7-ACA1-D8742949098D}.Release|Any CPU.Build.0 = Release|Any CPU
	EndGlobalSection
	GlobalSection(SolutionProperties) = preSolution
		HideSolutionNode = FALSE
	EndGlobalSection
	GlobalSection(ExtensibilityGlobals) = postSolution
		SolutionGuid = {27FC937A-B13F-409A-B692-A68D91BD6AD5}
	EndGlobalSection
EndGlobal
